
Microsoft Visual Studio Solution File, Format Version 12.00
# Visual Studio Version 17
VisualStudioVersion = 17.0.31903.59
MinimumVisualStudioVersion = 10.0.40219.1
Project("{FAE04EC0-301F-11D3-BF4B-00C04F79EFBC}") = "LayoutGuard.Core", "src\LayoutGuard.Core\LayoutGuard.Core.csproj", "{3CF1D625-F2DF-41F7-9CDF-B13B6D705DEA}"
EndProject
Project("{FAE04EC0-301F-11D3-BF4B-00C04F79EFBC}") = "LayoutGuard.Windows", "src\LayoutGuard.Windows\LayoutGuard.Windows.csproj", "{EF53A0D5-B347-41F8-B6E2-8B811095E580}"
EndProject
Project("{FAE04EC0-301F-11D3-BF4B-00C04F79EFBC}") = "LayoutGuard.Core.Checks", "tests\LayoutGuard.Core.Checks\LayoutGuard.Core.Checks.csproj", "{75D713B6-65C0-47F1-B850-05C81F6CF40E}"
EndProject
Project("{2150E333-8FDC-42A3-9474-1A3956D46DE8}") = "tests", "tests", "{01891203-7CE9-404B-A63D-D2B58B5F2B9A}"
EndProject
Project("{FAE04EC0-301F-11D3-BF4B-00C04F79EFBC}") = "LayoutGuard.BrokenKeys.Evaluation", "tests\LayoutGuard.BrokenKeys.Evaluation\LayoutGuard.BrokenKeys.Evaluation.csproj", "{9792F58B-433E-4B67-8A11-82C5F4AE7435}"
EndProject
Global
	GlobalSection(SolutionConfigurationPlatforms) = preSolution
		Debug|Any CPU = Debug|Any CPU
		Release|Any CPU = Release|Any CPU
	EndGlobalSection
	GlobalSection(ProjectConfigurationPlatforms) = postSolution
		{3CF1D625-F2DF-41F7-9CDF-B13B6D705DEA}.Debug|Any CPU.ActiveCfg = Debug|Any CPU
		{3CF1D625-F2DF-41F7-9CDF-B13B6D705DEA}.Debug|Any CPU.Build.0 = Debug|Any CPU
		{3CF1D625-F2DF-41F7-9CDF-B13B6D705DEA}.Release|Any CPU.ActiveCfg = Release|Any CPU
		{3CF1D625-F2DF-41F7-9CDF-B13B6D705DEA}.Release|Any CPU.Build.0 = Release|Any CPU
		{EF53A0D5-B347-41F8-B6E2-8B811095E580}.Debug|Any CPU.ActiveCfg = Debug|Any CPU
		{EF53A0D5-B347-41F8-B6E2-8B811095E580}.Debug|Any CPU.Build.0 = Debug|Any CPU
		{EF53A0D5-B347-41F8-B6E2-8B811095E580}.Release|Any CPU.ActiveCfg = Release|Any CPU
		{EF53A0D5-B347-41F8-B6E2-8B811095E580}.Release|Any CPU.Build.0 = Release|Any CPU
		{75D713B6-65C0-47F1-B850-05C81F6CF40E}.Debug|Any CPU.ActiveCfg = Debug|Any CPU
		{75D713B6-65C0-47F1-B850-05C81F6CF40E}.Debug|Any CPU.Build.0 = Debug|Any CPU
		{75D713B6-65C0-47F1-B850-05C81F6CF40E}.Release|Any CPU.ActiveCfg = Release|Any CPU
		{75D713B6-65C0-47F1-B850-05C81F6CF40E}.Release|Any CPU.Build.0 = Release|Any CPU
		{9792F58B-433E-4B67-8A11-82C5F4AE7435}.Debug|Any CPU.ActiveCfg = Debug|Any CPU
		{9792F58B-433E-4B67-8A11-82C5F4AE7435}.Debug|Any CPU.Build.0 = Debug|Any CPU
		{9792F58B-433E-4B67-8A11-82C5F4AE7435}.Release|Any CPU.ActiveCfg = Release|Any CPU
		{9792F58B-433E-4B67-8A11-82C5F4AE7435}.Release|Any CPU.Build.0 = Release|Any CPU
	EndGlobalSection
	GlobalSection(NestedProjects) = preSolution
		{9792F58B-433E-4B67-8A11-82C5F4AE7435} = {01891203-7CE9-404B-A63D-D2B58B5F2B9A}
	EndGlobalSection
EndGlobal
